# THIS IS AN AUTOGENERATED FILE. DO NOT EDIT THIS FILE DIRECTLY.
# yarn lockfile v1


purescript-docs-search@^0.0.11:
  version "0.0.11"
  resolved "https://registry.yarnpkg.com/purescript-docs-search/-/purescript-docs-search-0.0.11.tgz#0e15fd8d385736c00e2a7c1382ad90ca623b9249"
  integrity sha512-eFcxaXv2mgI8XFBSMMuuI0S6Ti0+Ol4jxZSC5rUzeDuNQNKVhKotRWxBqoirIzFmSGXbEqYOo9oZVuDJAFLNIg==
